
Microsoft Visual Studio Solution File, Format Version 12.00
# Visual Studio Version 17
VisualStudioVersion = 17.0.31611.283
MinimumVisualStudioVersion = 10.0.40219.1
Project("{9A19103F-16F7-4668-BE54-9A1E7A4F7556}") = "Archiver", "Archiver\Archiver.csproj", "{A9CB8AED-2161-4A91-A6EF-218649B7241C}"
EndProject
Project("{9A19103F-16F7-4668-BE54-9A1E7A4F7556}") = "FileProcessor", "FileProcessor\FileProcessor.csproj", "{83CEB163-A269-433F-99D2-EEED33798CD8}"
EndProject
Project("{9A19103F-16F7-4668-BE54-9A1E7A4F7556}") = "Statistics", "Statistics\Statistics.csproj", "{0FB6A275-0966-49C3-8D49-64580DD0ADD7}"
EndProject
Project("{9A19103F-16F7-4668-BE54-9A1E7A4F7556}") = "TextReverser", "TextReverser\TextReverser.csproj", "{BB6CB683-AF3B-4156-8DA6-BB83257A041F}"
EndProject
Project("{9A19103F-16F7-4668-BE54-9A1E7A4F7556}") = "FileProcessor.Tests", "FileProcessor.Tests\FileProcessor.Tests.csproj", "{E34B20F3-BB6F-4B12-B10F-3AD6C04BC8DE}"
EndProject
Project("{9A19103F-16F7-4668-BE54-9A1E7A4F7556}") = "TextReverserWPF", "TextReverserWPF\TextReverserWPF.csproj", "{87115054-3D0B-4394-A7D5-AA70B3F23634}"
EndProject
Global
	GlobalSection(SolutionConfigurationPlatforms) = preSolution
		Debug|Any CPU = Debug|Any CPU
		Release|Any CPU = Release|Any CPU
	EndGlobalSection
	GlobalSection(ProjectConfigurationPlatforms) = postSolution
		{A9CB8AED-2161-4A91-A6EF-218649B7241C}.Debug|Any CPU.ActiveCfg = Debug|Any CPU
		{A9CB8AED-2161-4A91-A6EF-218649B7241C}.Debug|Any CPU.Build.0 = Debug|Any CPU
		{A9CB8AED-2161-4A91-A6EF-218649B7241C}.Release|Any CPU.ActiveCfg = Release|Any CPU
		{A9CB8AED-2161-4A91-A6EF-218649B7241C}.Release|Any CPU.Build.0 = Release|Any CPU
		{83CEB163-A269-433F-99D2-EEED33798CD8}.Debug|Any CPU.ActiveCfg = Debug|Any CPU
		{83CEB163-A269-433F-99D2-EEED33798CD8}.Debug|Any CPU.Build.0 = Debug|Any CPU
		{83CEB163-A269-433F-99D2-EEED33798CD8}.Release|Any CPU.ActiveCfg = Release|Any CPU
		{83CEB163-A269-433F-99D2-EEED33798CD8}.Release|Any CPU.Build.0 = Release|Any CPU
		{0FB6A275-0966-49C3-8D49-64580DD0ADD7}.Debug|Any CPU.ActiveCfg = Debug|Any CPU
		{0FB6A275-0966-49C3-8D49-64580DD0ADD7}.Debug|Any CPU.Build.0 = Debug|Any CPU
		{0FB6A275-0966-49C3-8D49-64580DD0ADD7}.Release|Any CPU.ActiveCfg = Release|Any CPU
		{0FB6A275-0966-49C3-8D49-64580DD0ADD7}.Release|Any CPU.Build.0 = Release|Any CPU
		{BB6CB683-AF3B-4156-8DA6-BB83257A041F}.Debug|Any CPU.ActiveCfg = Debug|Any CPU
		{BB6CB683-AF3B-4156-8DA6-BB83257A041F}.Debug|Any CPU.Build.0 = Debug|Any CPU
		{BB6CB683-AF3B-4156-8DA6-BB83257A041F}.Debug|Any CPU.Deploy.0 = Debug|Any CPU
		{BB6CB683-AF3B-4156-8DA6-BB83257A041F}.Release|Any CPU.ActiveCfg = Release|Any CPU
		{BB6CB683-AF3B-4156-8DA6-BB83257A041F}.Release|Any CPU.Build.0 = Release|Any CPU
		{BB6CB683-AF3B-4156-8DA6-BB83257A041F}.Release|Any CPU.Deploy.0 = Release|Any CPU
		{E34B20F3-BB6F-4B12-B10F-3AD6C04BC8DE}.Debug|Any CPU.ActiveCfg = Debug|Any CPU
		{E34B20F3-BB6F-4B12-B10F-3AD6C04BC8DE}.Debug|Any CPU.Build.0 = Debug|Any CPU
		{E34B20F3-BB6F-4B12-B10F-3AD6C04BC8DE}.Release|Any CPU.ActiveCfg = Release|Any CPU
		{E34B20F3-BB6F-4B12-B10F-3AD6C04BC8DE}.Release|Any CPU.Build.0 = Release|Any CPU
		{87115054-3D0B-4394-A7D5-AA70B3F23634}.Debug|Any CPU.ActiveCfg = Debug|Any CPU
		{87115054-3D0B-4394-A7D5-AA70B3F23634}.Debug|Any CPU.Build.0 = Debug|Any CPU
		{87115054-3D0B-4394-A7D5-AA70B3F23634}.Release|Any CPU.ActiveCfg = Release|Any CPU
		{87115054-3D0B-4394-A7D5-AA70B3F23634}.Release|Any CPU.Build.0 = Release|Any CPU
	EndGlobalSection
	GlobalSection(SolutionProperties) = preSolution
		HideSolutionNode = FALSE
	EndGlobalSection
	GlobalSection(ExtensibilityGlobals) = postSolution
		SolutionGuid = {61F7FB11-1E47-470C-91E2-47F8143E1572}
	EndGlobalSection
EndGlobal
