
Microsoft Visual Studio Solution File, Format Version 12.00
# Visual Studio Version 17
VisualStudioVersion = 17.0.31611.283
MinimumVisualStudioVersion = 10.0.40219.1
Project("{9A19103F-16F7-4668-BE54-9A1E7A4F7556}") = "TextReverser", "TextReverser\TextReverser.csproj", "{BB6CB683-AF3B-4156-8DA6-BB83257A041F}"
EndProject
Project("{9A19103F-16F7-4668-BE54-9A1E7A4F7556}") = "FileProcessor.Tests", "FileProcessor.Tests\FileProcessor.Tests.csproj", "{E34B20F3-BB6F-4B12-B10F-3AD6C04BC8DE}"
EndProject
Global
	GlobalSection(SolutionConfigurationPlatforms) = preSolution
		Debug|Any CPU = Debug|Any CPU
		Release|Any CPU = Release|Any CPU
	EndGlobalSection
	GlobalSection(ProjectConfigurationPlatforms) = postSolution
		{BB6CB683-AF3B-4156-8DA6-BB83257A041F}.Debug|Any CPU.ActiveCfg = Debug|Any CPU
		{BB6CB683-AF3B-4156-8DA6-BB83257A041F}.Debug|Any CPU.Build.0 = Debug|Any CPU
		{BB6CB683-AF3B-4156-8DA6-BB83257A041F}.Debug|Any CPU.Deploy.0 = Debug|Any CPU
		{BB6CB683-AF3B-4156-8DA6-BB83257A041F}.Release|Any CPU.ActiveCfg = Release|Any CPU
		{BB6CB683-AF3B-4156-8DA6-BB83257A041F}.Release|Any CPU.Build.0 = Release|Any CPU
		{BB6CB683-AF3B-4156-8DA6-BB83257A041F}.Release|Any CPU.Deploy.0 = Release|Any CPU
		{E34B20F3-BB6F-4B12-B10F-3AD6C04BC8DE}.Debug|Any CPU.ActiveCfg = Debug|Any CPU
		{E34B20F3-BB6F-4B12-B10F-3AD6C04BC8DE}.Debug|Any CPU.Build.0 = Debug|Any CPU
		{E34B20F3-BB6F-4B12-B10F-3AD6C04BC8DE}.Release|Any CPU.ActiveCfg = Release|Any CPU
		{E34B20F3-BB6F-4B12-B10F-3AD6C04BC8DE}.Release|Any CPU.Build.0 = Release|Any CPU
	EndGlobalSection
	GlobalSection(SolutionProperties) = preSolution
		HideSolutionNode = FALSE
	EndGlobalSection
	GlobalSection(ExtensibilityGlobals) = postSolution
		SolutionGuid = {61F7FB11-1E47-470C-91E2-47F8143E1572}
	EndGlobalSection
EndGlobal
